PODS:
  - Flutter (1.0.0)
  - native_screenshot (0.0.1):
    - Flutter

DEPENDENCIES:
  - Flutter (from `Flutter`)
  - native_screenshot (from `.symlinks/plugins/native_screenshot/ios`)

EXTERNAL SOURCES:
  Flutter:
    :path: Flutter
  native_screenshot:
    :path: ".symlinks/plugins/native_screenshot/ios"

SPEC CHECKSUMS:
  Flutter: 0e3d915762c693b495b44d77113d4970485de6ec
  native_screenshot: 70900984bca8d5f42acf68611b8214b32a9f0deb

PODFILE CHECKSUM: 1b66dae606f75376c5f2135a8290850eeb09ae83

COCOAPODS: 1.9.1
